
Microsoft Visual Studio Solution File, Format Version 12.00
# Visual Studio Version 16
VisualStudioVersion = 16.0.31911.196
MinimumVisualStudioVersion = 10.0.40219.1
Project("{FAE04EC0-301F-11D3-BF4B-00C04F79EFBC}") = "PresentationLayer", "PresentationLayer\PresentationLayer.csproj", "{92B4E9EF-2E2D-4BCA-9401-90EB64ADB65B}"
EndProject
Project("{FAE04EC0-301F-11D3-BF4B-00C04F79EFBC}") = "DataLayer", "DataLayer\DataLayer.csproj", "{DEA23344-DF04-426F-BA26-182929928C93}"
EndProject
Project("{FAE04EC0-301F-11D3-BF4B-00C04F79EFBC}") = "BusinessLayer", "BusinessLayer\BusinessLayer.csproj", "{1FF1CB2D-5A47-44DE-858A-62C46F5DF247}"
EndProject
Global
	GlobalSection(SolutionConfigurationPlatforms) = preSolution
		Debug|Any CPU = Debug|Any CPU
		Release|Any CPU = Release|Any CPU
	EndGlobalSection
	GlobalSection(ProjectConfigurationPlatforms) = postSolution
		{92B4E9EF-2E2D-4BCA-9401-90EB64ADB65B}.Debug|Any CPU.ActiveCfg = Debug|Any CPU
		{92B4E9EF-2E2D-4BCA-9401-90EB64ADB65B}.Debug|Any CPU.Build.0 = Debug|Any CPU
		{92B4E9EF-2E2D-4BCA-9401-90EB64ADB65B}.Release|Any CPU.ActiveCfg = Release|Any CPU
		{92B4E9EF-2E2D-4BCA-9401-90EB64ADB65B}.Release|Any CPU.Build.0 = Release|Any CPU
		{DEA23344-DF04-426F-BA26-182929928C93}.Debug|Any CPU.ActiveCfg = Debug|Any CPU
		{DEA23344-DF04-426F-BA26-182929928C93}.Debug|Any CPU.Build.0 = Debug|Any CPU
		{DEA23344-DF04-426F-BA26-182929928C93}.Release|Any CPU.ActiveCfg = Release|Any CPU
		{DEA23344-DF04-426F-BA26-182929928C93}.Release|Any CPU.Build.0 = Release|Any CPU
		{1FF1CB2D-5A47-44DE-858A-62C46F5DF247}.Debug|Any CPU.ActiveCfg = Debug|Any CPU
		{1FF1CB2D-5A47-44DE-858A-62C46F5DF247}.Debug|Any CPU.Build.0 = Debug|Any CPU
		{1FF1CB2D-5A47-44DE-858A-62C46F5DF247}.Release|Any CPU.ActiveCfg = Release|Any CPU
		{1FF1CB2D-5A47-44DE-858A-62C46F5DF247}.Release|Any CPU.Build.0 = Release|Any CPU
	EndGlobalSection
	GlobalSection(SolutionProperties) = preSolution
		HideSolutionNode = FALSE
	EndGlobalSection
	GlobalSection(ExtensibilityGlobals) = postSolution
		SolutionGuid = {C4F41CCE-082F-446A-8199-65F2AF008822}
	EndGlobalSection
EndGlobal
